
Microsoft Visual Studio Solution File, Format Version 12.00
# Visual Studio Version 17
VisualStudioVersion = 17.11.35222.181
MinimumVisualStudioVersion = 10.0.40219.1
Project("{FAE04EC0-301F-11D3-BF4B-00C04F79EFBC}") = "AEHAFmtSender", "AEHAFmtSender\AEHAFmtSender\AEHAFmtSender.csproj", "{FD56A0E2-48DB-4304-8EF7-914BA3FA71C9}"
EndProject
Project("{FAE04EC0-301F-11D3-BF4B-00C04F79EFBC}") = "AEHAFmtSender.Client", "AEHAFmtSender\AEHAFmtSender.Client\AEHAFmtSender.Client.csproj", "{41C63E34-68D0-4CCF-9C83-63FCB1F0D127}"
EndProject
Global
	GlobalSection(SolutionConfigurationPlatforms) = preSolution
		Debug|Any CPU = Debug|Any CPU
		Release|Any CPU = Release|Any CPU
	EndGlobalSection
	GlobalSection(ProjectConfigurationPlatforms) = postSolution
		{FD56A0E2-48DB-4304-8EF7-914BA3FA71C9}.Debug|Any CPU.ActiveCfg = Debug|Any CPU
		{FD56A0E2-48DB-4304-8EF7-914BA3FA71C9}.Debug|Any CPU.Build.0 = Debug|Any CPU
		{FD56A0E2-48DB-4304-8EF7-914BA3FA71C9}.Release|Any CPU.ActiveCfg = Release|Any CPU
		{FD56A0E2-48DB-4304-8EF7-914BA3FA71C9}.Release|Any CPU.Build.0 = Release|Any CPU
		{41C63E34-68D0-4CCF-9C83-63FCB1F0D127}.Debug|Any CPU.ActiveCfg = Debug|Any CPU
		{41C63E34-68D0-4CCF-9C83-63FCB1F0D127}.Debug|Any CPU.Build.0 = Debug|Any CPU
		{41C63E34-68D0-4CCF-9C83-63FCB1F0D127}.Release|Any CPU.ActiveCfg = Release|Any CPU
		{41C63E34-68D0-4CCF-9C83-63FCB1F0D127}.Release|Any CPU.Build.0 = Release|Any CPU
	EndGlobalSection
	GlobalSection(SolutionProperties) = preSolution
		HideSolutionNode = FALSE
	EndGlobalSection
	GlobalSection(ExtensibilityGlobals) = postSolution
		SolutionGuid = {EACA4906-69BB-4008-BC66-8DBB566C45ED}
	EndGlobalSection
EndGlobal
